{"format_version":"1.2","terraform_version":"1.9.5","planned_values":{"outputs":{"codepipeline_connection_status":{"sensitive":false},"ecr_repository_url":{"sensitive":false}},"root_module":{"resources":[{"address":"aws_codebuild_project.app_build","mode":"managed","type":"aws_codebuild_project","name":"app_build","provider_name":"registry.terraform.io/hashicorp/aws","schema_version":0,"values":{"artifacts":[{"artifact_identifier":null,"bucket_owner_access":null,"encryption_disabled":false,"location":null,"name":null,"namespace_type":null,"override_artifact_name":false,"packaging":null,"path":null,"type":"CODEPIPELINE"}],"badge_enabled":false,"build_batch_config":[],"build_timeout":60,"cache":[],"concurrent_build_limit":null,"description":"Build the Python application Docker image","environment":[{"certificate":null,"compute_type":"BUILD_GENERAL1_SMALL","environment_variable":[{"name":"ECR_REPOSITORY_URI","type":"PLAINTEXT"}],"fleet":[],"image":"aws/codebuild/amazonlinux2-x86_64-standard:3.0","image_pull_credentials_type":"CODEBUILD","privileged_mode":true,"registry_credential":[],"type":"LINUX_CONTAINER"}],"file_system_locations":[],"logs_config":[],"name":"LHC-python-app-build","project_visibility":"PRIVATE","queued_timeout":480,"resource_access_role":null,"secondary_artifacts":[],"secondary_source_version":[],"secondary_sources":[],"source":[{"auth":[],"build_status_config":[],"buildspec":"buildspec.yml","git_clone_depth":null,"git_submodules_config":[],"insecure_ssl":null,"location":null,"report_build_status":null,"type":"CODEPIPELINE"}],"source_version":null,"tags":null,"vpc_config":[]},"sensitive_values":{"artifacts":[{}],"build_batch_config":[],"cache":[],"environment":[{"environment_variable":[{}],"fleet":[],"registry_credential":[]}],"file_system_locations":[],"logs_config":[],"secondary_artifacts":[],"secondary_source_version":[],"secondary_sources":[],"source":[{"auth":[],"build_status_config":[],"git_submodules_config":[]}],"tags_all":{},"vpc_config":[]}},{"address":"aws_codepipeline.pipeline","mode":"managed","type":"aws_codepipeline","name":"pipeline","provider_name":"registry.terraform.io/hashicorp/aws","schema_version":0,"values":{"artifact_store":[{"encryption_key":[],"location":"demo-python-app-cicd-bucket","region":"","type":"S3"}],"execution_mode":"SUPERSEDED","name":"LHC-python-app-pipeline","pipeline_type":"V1","stage":[{"action":[{"category":"Source","input_artifacts":null,"name":"Source","namespace":null,"output_artifacts":["source_output"],"owner":"AWS","provider":"CodeStarSourceConnection","role_arn":null,"timeout_in_minutes":null,"version":"1"}],"before_entry":[],"name":"Source","on_failure":[],"on_success":[]},{"action":[{"category":"Build","configuration":{"ProjectName":"LHC-python-app-build"},"input_artifacts":["source_output"],"name":"BuildAndPush","namespace":null,"output_artifacts":["build_output"],"owner":"AWS","provider":"CodeBuild","role_arn":null,"timeout_in_minutes":null,"version":"1"}],"before_entry":[],"name":"Build","on_failure":[],"on_success":[]},{"action":[{"category":"Deploy","configuration":{"ClusterName":"LHC-app-cluster","FileName":"imagedefinitions.json","ServiceName":"python-app-service"},"input_artifacts":["build_output"],"name":"Deploy","namespace":null,"output_artifacts":null,"owner":"AWS","provider":"ECS","role_arn":null,"timeout_in_minutes":null,"version":"1"}],"before_entry":[],"name":"Deploy","on_failure":[],"on_success":[]}],"tags":null,"trigger":[],"variable":[]},"sensitive_values":{"artifact_store":[{"encryption_key":[]}],"stage":[{"action":[{"configuration":{},"output_artifacts":[false]}],"before_entry":[],"on_failure":[],"on_success":[]},{"action":[{"configuration":{},"input_artifacts":[false],"output_artifacts":[false]}],"before_entry":[],"on_failure":[],"on_success":[]},{"action":[{"configuration":{},"input_artifacts":[false]}],"before_entry":[],"on_failure":[],"on_success":[]}],"tags_all":{},"trigger":[],"trigger_all":[],"variable":[]}},{"address":"aws_codestarconnections_connection.github","mode":"managed","type":"aws_codestarconnections_connection","name":"github","provider_name":"registry.terraform.io/hashicorp/aws","schema_version":0,"values":{"host_arn":null,"name":"LHC-github-connection","provider_type":"GitHub","tags":null},"sensitive_values":{"tags_all":{}}},{"address":"aws_ecr_lifecycle_policy.app_repo_policy","mode":"managed","type":"aws_ecr_lifecycle_policy","name":"app_repo_policy","provider_name":"registry.terraform.io/hashicorp/aws","schema_version":0,"values":{"policy":"{\"rules\":[{\"action\":{\"type\":\"expire\"},\"description\":\"Keep last 5 images\",\"rulePriority\":1,\"selection\":{\"countNumber\":5,\"countType\":\"imageCountMoreThan\",\"tagStatus\":\"untagged\"}}]}","repository":"python-demo-app"},"sensitive_values":{}},{"address":"aws_ecr_repository.app_repo","mode":"managed","type":"aws_ecr_repository","name":"app_repo","provider_name":"registry.terraform.io/hashicorp/aws","schema_version":0,"values":{"encryption_configuration":[],"force_delete":null,"image_scanning_configuration":[{"scan_on_push":true}],"image_tag_mutability":"MUTABLE","name":"python-demo-app","tags":null,"timeouts":null},"sensitive_values":{"encryption_configuration":[],"image_scanning_configuration":[{}],"tags_all":{}}},{"address":"aws_ecs_cluster.main","mode":"managed","type":"aws_ecs_cluster","name":"main","provider_name":"registry.terraform.io/hashicorp/aws","schema_version":0,"values":{"configuration":[],"name":"LHC-app-cluster","service_connect_defaults":[],"tags":null},"sensitive_values":{"configuration":[],"service_connect_defaults":[],"setting":[],"tags_all":{}}},{"address":"aws_ecs_service.app_service","mode":"managed","type":"aws_ecs_service","name":"app_service","provider_name":"registry.terraform.io/hashicorp/aws","schema_version":1,"values":{"alarms":[],"availability_zone_rebalancing":"DISABLED","capacity_provider_strategy":[],"deployment_circuit_breaker":[],"deployment_controller":[],"deployment_maximum_percent":200,"deployment_minimum_healthy_percent":100,"desired_count":1,"enable_ecs_managed_tags":false,"enable_execute_command":false,"force_delete":null,"force_new_deployment":null,"health_check_grace_period_seconds":null,"launch_type":"FARGATE","load_balancer":[],"name":"python-app-service","network_configuration":[{"assign_public_ip":true}],"ordered_placement_strategy":[],"placement_constraints":[],"propagate_tags":null,"scheduling_strategy":"REPLICA","service_connect_configuration":[],"service_registries":[],"tags":null,"timeouts":null,"volume_configuration":[],"vpc_lattice_configurations":[],"wait_for_steady_state":false},"sensitive_values":{"alarms":[],"capacity_provider_strategy":[],"deployment_circuit_breaker":[],"deployment_controller":[],"load_balancer":[],"network_configuration":[{"security_groups":[],"subnets":[]}],"ordered_placement_strategy":[],"placement_constraints":[],"service_connect_configuration":[],"service_registries":[],"tags_all":{},"triggers":{},"volume_configuration":[],"vpc_lattice_configurations":[]}},{"address":"aws_ecs_task_definition.app","mode":"managed","type":"aws_ecs_task_definition","name":"app","provider_name":"registry.terraform.io/hashicorp/aws","schema_version":1,"values":{"cpu":"256","ephemeral_storage":[],"family":"python-app","inference_accelerator":[],"ipc_mode":null,"memory":"512","network_mode":"awsvpc","pid_mode":null,"placement_constraints":[],"proxy_configuration":[],"requires_compatibilities":["FARGATE"],"runtime_platform":[],"skip_destroy":false,"tags":null,"task_role_arn":null,"track_latest":false,"volume":[]},"sensitive_values":{"ephemeral_storage":[],"inference_accelerator":[],"placement_constraints":[],"proxy_configuration":[],"requires_compatibilities":[false],"runtime_platform":[],"tags_all":{},"volume":[]}},{"address":"aws_iam_role.codebuild_role","mode":"managed","type":"aws_iam_role","name":"codebuild_role","provider_name":"registry.terraform.io/hashicorp/aws","schema_version":0,"values":{"assume_role_policy":"{\"Statement\":[{\"Action\":\"sts:AssumeRole\",\"Effect\":\"Allow\",\"Principal\":{\"Service\":\"codebuild.amazonaws.com\"}}],\"Version\":\"2012-10-17\"}","description":null,"force_detach_policies":false,"max_session_duration":3600,"name":"codebuild-role","path":"/","permissions_boundary":null,"tags":null},"sensitive_values":{"inline_policy":[],"managed_policy_arns":[],"tags_all":{}}},{"address":"aws_iam_role.codepipeline_role","mode":"managed","type":"aws_iam_role","name":"codepipeline_role","provider_name":"registry.terraform.io/hashicorp/aws","schema_version":0,"values":{"assume_role_policy":"{\"Statement\":[{\"Action\":\"sts:AssumeRole\",\"Effect\":\"Allow\",\"Principal\":{\"Service\":\"codepipeline.amazonaws.com\"}}],\"Version\":\"2012-10-17\"}","description":null,"force_detach_policies":false,"max_session_duration":3600,"name":"codepipeline-role","path":"/","permissions_boundary":null,"tags":null},"sensitive_values":{"inline_policy":[],"managed_policy_arns":[],"tags_all":{}}},{"address":"aws_iam_role.ecs_task_execution_role","mode":"managed","type":"aws_iam_role","name":"ecs_task_execution_role","provider_name":"registry.terraform.io/hashicorp/aws","schema_version":0,"values":{"assume_role_policy":"{\"Statement\":[{\"Action\":\"sts:AssumeRole\",\"Effect\":\"Allow\",\"Principal\":{\"Service\":\"ecs-tasks.amazonaws.com\"}}],\"Version\":\"2012-10-17\"}","description":null,"force_detach_policies":false,"max_session_duration":3600,"name":"ecs-task-execution-role","path":"/","permissions_boundary":null,"tags":null},"sensitive_values":{"inline_policy":[],"managed_policy_arns":[],"tags_all":{}}},{"address":"aws_iam_role_policy.codebuild_policy","mode":"managed","type":"aws_iam_role_policy","name":"codebuild_policy","provider_name":"registry.terraform.io/hashicorp/aws","schema_version":0,"values":{"role":"codebuild-role"},"sensitive_values":{}},{"address":"aws_iam_role_policy.codepipeline_policy","mode":"managed","type":"aws_iam_role_policy","name":"codepipeline_policy","provider_name":"registry.terraform.io/hashicorp/aws","schema_version":0,"values":{"name":"codepipeline-policy","role":"codepipeline-role"},"sensitive_values":{}},{"address":"aws_iam_role_policy_attachment.ecs_task_execution_role_policy","mode":"managed","type":"aws_iam_role_policy_attachment","name":"ecs_task_execution_role_policy","provider_name":"registry.terraform.io/hashicorp/aws","schema_version":0,"values":{"policy_arn":"arn:aws:iam::aws:policy/service-role/AmazonECSTaskExecutionRolePolicy","role":"ecs-task-execution-role"},"sensitive_values":{}},{"address":"aws_internet_gateway.gw","mode":"managed","type":"aws_internet_gateway","name":"gw","provider_name":"registry.terraform.io/hashicorp/aws","schema_version":0,"values":{"tags":{"Name":"LHC-main-internet-gateway"},"tags_all":{"Name":"LHC-main-internet-gateway"},"timeouts":null},"sensitive_values":{"tags":{},"tags_all":{}}},{"address":"aws_route_table.public","mode":"managed","type":"aws_route_table","name":"public","provider_name":"registry.terraform.io/hashicorp/aws","schema_version":0,"values":{"route":[{"carrier_gateway_id":"","cidr_block":"0.0.0.0/0","core_network_arn":"","destination_prefix_list_id":"","egress_only_gateway_id":"","ipv6_cidr_block":"","local_gateway_id":"","nat_gateway_id":"","network_interface_id":"","transit_gateway_id":"","vpc_endpoint_id":"","vpc_peering_connection_id":""}],"tags":{"Name":"public-route-table"},"tags_all":{"Name":"public-route-table"},"timeouts":null},"sensitive_values":{"propagating_vgws":[],"route":[{}],"tags":{},"tags_all":{}}},{"address":"aws_route_table_association.public_a","mode":"managed","type":"aws_route_table_association","name":"public_a","provider_name":"registry.terraform.io/hashicorp/aws","schema_version":0,"values":{"gateway_id":null,"timeouts":null},"sensitive_values":{}},{"address":"aws_route_table_association.public_b","mode":"managed","type":"aws_route_table_association","name":"public_b","provider_name":"registry.terraform.io/hashicorp/aws","schema_version":0,"values":{"gateway_id":null,"timeouts":null},"sensitive_values":{}},{"address":"aws_s3_bucket.codepipeline_bucket","mode":"managed","type":"aws_s3_bucket","name":"codepipeline_bucket","provider_name":"registry.terraform.io/hashicorp/aws","schema_version":0,"values":{"bucket":"demo-python-app-cicd-bucket","force_destroy":true,"tags":null,"timeouts":null},"sensitive_values":{"cors_rule":[],"grant":[],"lifecycle_rule":[],"logging":[],"object_lock_configuration":[],"replication_configuration":[],"server_side_encryption_configuration":[],"tags_all":{},"versioning":[],"website":[]}},{"address":"aws_s3_bucket_acl.codepipeline_bucket_acl","mode":"managed","type":"aws_s3_bucket_acl","name":"codepipeline_bucket_acl","provider_name":"registry.terraform.io/hashicorp/aws","schema_version":0,"values":{"acl":"private","expected_bucket_owner":null},"sensitive_values":{"access_control_policy":[]}},{"address":"aws_s3_bucket_ownership_controls.codepipeline_bucket_ownership","mode":"managed","type":"aws_s3_bucket_ownership_controls","name":"codepipeline_bucket_ownership","provider_name":"registry.terraform.io/hashicorp/aws","schema_version":0,"values":{"rule":[{"object_ownership":"BucketOwnerPreferred"}]},"sensitive_values":{"rule":[{}]}},{"address":"aws_security_group.ecs_sg","mode":"managed","type":"aws_security_group","name":"ecs_sg","provider_name":"registry.terraform.io/hashicorp/aws","schema_version":1,"values":{"description":"Allow inbound traffic for ECS","egress":[{"cidr_blocks":["0.0.0.0/0"],"description":"","from_port":0,"ipv6_cidr_blocks":[],"prefix_list_ids":[],"protocol":"-1","security_groups":[],"self":false,"to_port":0}],"ingress":[{"cidr_blocks":["0.0.0.0/0"],"description":"","from_port":8080,"ipv6_cidr_blocks":[],"prefix_list_ids":[],"protocol":"tcp","security_groups":[],"self":false,"to_port":8080},{"cidr_blocks":["0.0.0.0/0"],"description":"","from_port":80,"ipv6_cidr_blocks":[],"prefix_list_ids":[],"protocol":"tcp","security_groups":[],"self":false,"to_port":80}],"name":"LHC-ecs-security-group","revoke_rules_on_delete":false,"tags":{"Name":"ecs-security-group"},"tags_all":{"Name":"ecs-security-group"},"timeouts":null},"sensitive_values":{"egress":[{"cidr_blocks":[false],"ipv6_cidr_blocks":[],"prefix_list_ids":[],"security_groups":[]}],"ingress":[{"cidr_blocks":[false],"ipv6_cidr_blocks":[],"prefix_list_ids":[],"security_groups":[]},{"cidr_blocks":[false],"ipv6_cidr_blocks":[],"prefix_list_ids":[],"security_groups":[]}],"tags":{},"tags_all":{}}},{"address":"aws_subnet.public_a","mode":"managed","type":"aws_subnet","name":"public_a","provider_name":"registry.terraform.io/hashicorp/aws","schema_version":1,"values":{"assign_ipv6_address_on_creation":false,"availability_zone":"us-east-1a","cidr_block":"10.0.1.0/24","customer_owned_ipv4_pool":null,"enable_dns64":false,"enable_lni_at_device_index":null,"enable_resource_name_dns_a_record_on_launch":false,"enable_resource_name_dns_aaaa_record_on_launch":false,"ipv6_cidr_block":null,"ipv6_native":false,"map_customer_owned_ip_on_launch":null,"map_public_ip_on_launch":true,"outpost_arn":null,"tags":{"Name":"public-subnet-a"},"tags_all":{"Name":"public-subnet-a"},"timeouts":null},"sensitive_values":{"tags":{},"tags_all":{}}},{"address":"aws_subnet.public_b","mode":"managed","type":"aws_subnet","name":"public_b","provider_name":"registry.terraform.io/hashicorp/aws","schema_version":1,"values":{"assign_ipv6_address_on_creation":false,"availability_zone":"us-east-1b","cidr_block":"10.0.2.0/24","customer_owned_ipv4_pool":null,"enable_dns64":false,"enable_lni_at_device_index":null,"enable_resource_name_dns_a_record_on_launch":false,"enable_resource_name_dns_aaaa_record_on_launch":false,"ipv6_cidr_block":null,"ipv6_native":false,"map_customer_owned_ip_on_launch":null,"map_public_ip_on_launch":true,"outpost_arn":null,"tags":{"Name":"public-subnet-b"},"tags_all":{"Name":"public-subnet-b"},"timeouts":null},"sensitive_values":{"tags":{},"tags_all":{}}},{"address":"aws_vpc.main","mode":"managed","type":"aws_vpc","name":"main","provider_name":"registry.terraform.io/hashicorp/aws","schema_version":1,"values":{"assign_generated_ipv6_cidr_block":null,"cidr_block":"10.0.0.0/16","enable_dns_hostnames":true,"enable_dns_support":true,"instance_tenancy":"default","ipv4_ipam_pool_id":null,"ipv4_netmask_length":null,"ipv6_ipam_pool_id":null,"ipv6_netmask_length":null,"tags":{"Name":"LHC-ecs-fargate-vpc"},"tags_all":{"Name":"LHC-ecs-fargate-vpc"}},"sensitive_values":{"tags":{},"tags_all":{}}}]}},"resource_changes":[{"address":"aws_codebuild_project.app_build","mode":"managed","type":"aws_codebuild_project","name":"app_build","provider_name":"registry.terraform.io/hashicorp/aws","change":{"actions":["create"],"before":null,"after":{"artifacts":[{"artifact_identifier":null,"bucket_owner_access":null,"encryption_disabled":false,"location":null,"name":null,"namespace_type":null,"override_artifact_name":false,"packaging":null,"path":null,"type":"CODEPIPELINE"}],"badge_enabled":false,"build_batch_config":[],"build_timeout":60,"cache":[],"concurrent_build_limit":null,"description":"Build the Python application Docker image","environment":[{"certificate":null,"compute_type":"BUILD_GENERAL1_SMALL","environment_variable":[{"name":"ECR_REPOSITORY_URI","type":"PLAINTEXT"}],"fleet":[],"image":"aws/codebuild/amazonlinux2-x86_64-standard:3.0","image_pull_credentials_type":"CODEBUILD","privileged_mode":true,"registry_credential":[],"type":"LINUX_CONTAINER"}],"file_system_locations":[],"logs_config":[],"name":"LHC-python-app-build","project_visibility":"PRIVATE","queued_timeout":480,"resource_access_role":null,"secondary_artifacts":[],"secondary_source_version":[],"secondary_sources":[],"source":[{"auth":[],"build_status_config":[],"buildspec":"buildspec.yml","git_clone_depth":null,"git_submodules_config":[],"insecure_ssl":null,"location":null,"report_build_status":null,"type":"CODEPIPELINE"}],"source_version":null,"tags":null,"vpc_config":[]},"after_unknown":{"arn":true,"artifacts":[{}],"badge_url":true,"build_batch_config":[],"cache":[],"encryption_key":true,"environment":[{"environment_variable":[{"value":true}],"fleet":[],"registry_credential":[]}],"file_system_locations":[],"id":true,"logs_config":[],"public_project_alias":true,"secondary_artifacts":[],"secondary_source_version":[],"secondary_sources":[],"service_role":true,"source":[{"auth":[],"build_status_config":[],"git_submodules_config":[]}],"tags_all":true,"vpc_config":[]},"before_sensitive":false,"after_sensitive":{"artifacts":[{}],"build_batch_config":[],"cache":[],"environment":[{"environment_variable":[{}],"fleet":[],"registry_credential":[]}],"file_system_locations":[],"logs_config":[],"secondary_artifacts":[],"secondary_source_version":[],"secondary_sources":[],"source":[{"auth":[],"build_status_config":[],"git_submodules_config":[]}],"tags_all":{},"vpc_config":[]}}},{"address":"aws_codepipeline.pipeline","mode":"managed","type":"aws_codepipeline","name":"pipeline","provider_name":"registry.terraform.io/hashicorp/aws","change":{"actions":["create"],"before":null,"after":{"artifact_store":[{"encryption_key":[],"location":"demo-python-app-cicd-bucket","region":"","type":"S3"}],"execution_mode":"SUPERSEDED","name":"LHC-python-app-pipeline","pipeline_type":"V1","stage":[{"action":[{"category":"Source","input_artifacts":null,"name":"Source","namespace":null,"output_artifacts":["source_output"],"owner":"AWS","provider":"CodeStarSourceConnection","role_arn":null,"timeout_in_minutes":null,"version":"1"}],"before_entry":[],"name":"Source","on_failure":[],"on_success":[]},{"action":[{"category":"Build","configuration":{"ProjectName":"LHC-python-app-build"},"input_artifacts":["source_output"],"name":"BuildAndPush","namespace":null,"output_artifacts":["build_output"],"owner":"AWS","provider":"CodeBuild","role_arn":null,"timeout_in_minutes":null,"version":"1"}],"before_entry":[],"name":"Build","on_failure":[],"on_success":[]},{"action":[{"category":"Deploy","configuration":{"ClusterName":"LHC-app-cluster","FileName":"imagedefinitions.json","ServiceName":"python-app-service"},"input_artifacts":["build_output"],"name":"Deploy","namespace":null,"output_artifacts":null,"owner":"AWS","provider":"ECS","role_arn":null,"timeout_in_minutes":null,"version":"1"}],"before_entry":[],"name":"Deploy","on_failure":[],"on_success":[]}],"tags":null,"trigger":[],"variable":[]},"after_unknown":{"arn":true,"artifact_store":[{"encryption_key":[]}],"id":true,"role_arn":true,"stage":[{"action":[{"configuration":true,"output_artifacts":[false],"region":true,"run_order":true}],"before_entry":[],"on_failure":[],"on_success":[]},{"action":[{"configuration":{},"input_artifacts":[false],"output_artifacts":[false],"region":true,"run_order":true}],"before_entry":[],"on_failure":[],"on_success":[]},{"action":[{"configuration":{},"input_artifacts":[false],"region":true,"run_order":true}],"before_entry":[],"on_failure":[],"on_success":[]}],"tags_all":true,"trigger":[],"trigger_all":true,"variable":[]},"before_sensitive":false,"after_sensitive":{"artifact_store":[{"encryption_key":[]}],"stage":[{"action":[{"configuration":{},"output_artifacts":[false]}],"before_entry":[],"on_failure":[],"on_success":[]},{"action":[{"configuration":{},"input_artifacts":[false],"output_artifacts":[false]}],"before_entry":[],"on_failure":[],"on_success":[]},{"action":[{"configuration":{},"input_artifacts":[false]}],"before_entry":[],"on_failure":[],"on_success":[]}],"tags_all":{},"trigger":[],"trigger_all":[],"variable":[]}}},{"address":"aws_codestarconnections_connection.github","mode":"managed","type":"aws_codestarconnections_connection","name":"github","provider_name":"registry.terraform.io/hashicorp/aws","change":{"actions":["create"],"before":null,"after":{"host_arn":null,"name":"LHC-github-connection","provider_type":"GitHub","tags":null},"after_unknown":{"arn":true,"connection_status":true,"id":true,"tags_all":true},"before_sensitive":false,"after_sensitive":{"tags_all":{}}}},{"address":"aws_ecr_lifecycle_policy.app_repo_policy","mode":"managed","type":"aws_ecr_lifecycle_policy","name":"app_repo_policy","provider_name":"registry.terraform.io/hashicorp/aws","change":{"actions":["create"],"before":null,"after":{"policy":"{\"rules\":[{\"action\":{\"type\":\"expire\"},\"description\":\"Keep last 5 images\",\"rulePriority\":1,\"selection\":{\"countNumber\":5,\"countType\":\"imageCountMoreThan\",\"tagStatus\":\"untagged\"}}]}","repository":"python-demo-app"},"after_unknown":{"id":true,"registry_id":true},"before_sensitive":false,"after_sensitive":{}}},{"address":"aws_ecr_repository.app_repo","mode":"managed","type":"aws_ecr_repository","name":"app_repo","provider_name":"registry.terraform.io/hashicorp/aws","change":{"actions":["create"],"before":null,"after":{"encryption_configuration":[],"force_delete":null,"image_scanning_configuration":[{"scan_on_push":true}],"image_tag_mutability":"MUTABLE","name":"python-demo-app","tags":null,"timeouts":null},"after_unknown":{"arn":true,"encryption_configuration":[],"id":true,"image_scanning_configuration":[{}],"registry_id":true,"repository_url":true,"tags_all":true},"before_sensitive":false,"after_sensitive":{"encryption_configuration":[],"image_scanning_configuration":[{}],"tags_all":{}}}},{"address":"aws_ecs_cluster.main","mode":"managed","type":"aws_ecs_cluster","name":"main","provider_name":"registry.terraform.io/hashicorp/aws","change":{"actions":["create"],"before":null,"after":{"configuration":[],"name":"LHC-app-cluster","service_connect_defaults":[],"tags":null},"after_unknown":{"arn":true,"configuration":[],"id":true,"service_connect_defaults":[],"setting":true,"tags_all":true},"before_sensitive":false,"after_sensitive":{"configuration":[],"service_connect_defaults":[],"setting":[],"tags_all":{}}}},{"address":"aws_ecs_service.app_service","mode":"managed","type":"aws_ecs_service","name":"app_service","provider_name":"registry.terraform.io/hashicorp/aws","change":{"actions":["create"],"before":null,"after":{"alarms":[],"availability_zone_rebalancing":"DISABLED","capacity_provider_strategy":[],"deployment_circuit_breaker":[],"deployment_controller":[],"deployment_maximum_percent":200,"deployment_minimum_healthy_percent":100,"desired_count":1,"enable_ecs_managed_tags":false,"enable_execute_command":false,"force_delete":null,"force_new_deployment":null,"health_check_grace_period_seconds":null,"launch_type":"FARGATE","load_balancer":[],"name":"python-app-service","network_configuration":[{"assign_public_ip":true}],"ordered_placement_strategy":[],"placement_constraints":[],"propagate_tags":null,"scheduling_strategy":"REPLICA","service_connect_configuration":[],"service_registries":[],"tags":null,"timeouts":null,"volume_configuration":[],"vpc_lattice_configurations":[],"wait_for_steady_state":false},"after_unknown":{"alarms":[],"capacity_provider_strategy":[],"cluster":true,"deployment_circuit_breaker":[],"deployment_controller":[],"iam_role":true,"id":true,"load_balancer":[],"network_configuration":[{"security_groups":true,"subnets":true}],"ordered_placement_strategy":[],"placement_constraints":[],"platform_version":true,"service_connect_configuration":[],"service_registries":[],"tags_all":true,"task_definition":true,"triggers":true,"volume_configuration":[],"vpc_lattice_configurations":[]},"before_sensitive":false,"after_sensitive":{"alarms":[],"capacity_provider_strategy":[],"deployment_circuit_breaker":[],"deployment_controller":[],"load_balancer":[],"network_configuration":[{"security_groups":[],"subnets":[]}],"ordered_placement_strategy":[],"placement_constraints":[],"service_connect_configuration":[],"service_registries":[],"tags_all":{},"triggers":{},"volume_configuration":[],"vpc_lattice_configurations":[]}}},{"address":"aws_ecs_task_definition.app","mode":"managed","type":"aws_ecs_task_definition","name":"app","provider_name":"registry.terraform.io/hashicorp/aws","change":{"actions":["create"],"before":null,"after":{"cpu":"256","ephemeral_storage":[],"family":"python-app","inference_accelerator":[],"ipc_mode":null,"memory":"512","network_mode":"awsvpc","pid_mode":null,"placement_constraints":[],"proxy_configuration":[],"requires_compatibilities":["FARGATE"],"runtime_platform":[],"skip_destroy":false,"tags":null,"task_role_arn":null,"track_latest":false,"volume":[]},"after_unknown":{"arn":true,"arn_without_revision":true,"container_definitions":true,"enable_fault_injection":true,"ephemeral_storage":[],"execution_role_arn":true,"id":true,"inference_accelerator":[],"placement_constraints":[],"proxy_configuration":[],"requires_compatibilities":[false],"revision":true,"runtime_platform":[],"tags_all":true,"volume":[]},"before_sensitive":false,"after_sensitive":{"ephemeral_storage":[],"inference_accelerator":[],"placement_constraints":[],"proxy_configuration":[],"requires_compatibilities":[false],"runtime_platform":[],"tags_all":{},"volume":[]}}},{"address":"aws_iam_role.codebuild_role","mode":"managed","type":"aws_iam_role","name":"codebuild_role","provider_name":"registry.terraform.io/hashicorp/aws","change":{"actions":["create"],"before":null,"after":{"assume_role_policy":"{\"Statement\":[{\"Action\":\"sts:AssumeRole\",\"Effect\":\"Allow\",\"Principal\":{\"Service\":\"codebuild.amazonaws.com\"}}],\"Version\":\"2012-10-17\"}","description":null,"force_detach_policies":false,"max_session_duration":3600,"name":"codebuild-role","path":"/","permissions_boundary":null,"tags":null},"after_unknown":{"arn":true,"create_date":true,"id":true,"inline_policy":true,"managed_policy_arns":true,"name_prefix":true,"tags_all":true,"unique_id":true},"before_sensitive":false,"after_sensitive":{"inline_policy":[],"managed_policy_arns":[],"tags_all":{}}}},{"address":"aws_iam_role.codepipeline_role","mode":"managed","type":"aws_iam_role","name":"codepipeline_role","provider_name":"registry.terraform.io/hashicorp/aws","change":{"actions":["create"],"before":null,"after":{"assume_role_policy":"{\"Statement\":[{\"Action\":\"sts:AssumeRole\",\"Effect\":\"Allow\",\"Principal\":{\"Service\":\"codepipeline.amazonaws.com\"}}],\"Version\":\"2012-10-17\"}","description":null,"force_detach_policies":false,"max_session_duration":3600,"name":"codepipeline-role","path":"/","permissions_boundary":null,"tags":null},"after_unknown":{"arn":true,"create_date":true,"id":true,"inline_policy":true,"managed_policy_arns":true,"name_prefix":true,"tags_all":true,"unique_id":true},"before_sensitive":false,"after_sensitive":{"inline_policy":[],"managed_policy_arns":[],"tags_all":{}}}},{"address":"aws_iam_role.ecs_task_execution_role","mode":"managed","type":"aws_iam_role","name":"ecs_task_execution_role","provider_name":"registry.terraform.io/hashicorp/aws","change":{"actions":["create"],"before":null,"after":{"assume_role_policy":"{\"Statement\":[{\"Action\":\"sts:AssumeRole\",\"Effect\":\"Allow\",\"Principal\":{\"Service\":\"ecs-tasks.amazonaws.com\"}}],\"Version\":\"2012-10-17\"}","description":null,"force_detach_policies":false,"max_session_duration":3600,"name":"ecs-task-execution-role","path":"/","permissions_boundary":null,"tags":null},"after_unknown":{"arn":true,"create_date":true,"id":true,"inline_policy":true,"managed_policy_arns":true,"name_prefix":true,"tags_all":true,"unique_id":true},"before_sensitive":false,"after_sensitive":{"inline_policy":[],"managed_policy_arns":[],"tags_all":{}}}},{"address":"aws_iam_role_policy.codebuild_policy","mode":"managed","type":"aws_iam_role_policy","name":"codebuild_policy","provider_name":"registry.terraform.io/hashicorp/aws","change":{"actions":["create"],"before":null,"after":{"role":"codebuild-role"},"after_unknown":{"id":true,"name":true,"name_prefix":true,"policy":true},"before_sensitive":false,"after_sensitive":{}}},{"address":"aws_iam_role_policy.codepipeline_policy","mode":"managed","type":"aws_iam_role_policy","name":"codepipeline_policy","provider_name":"registry.terraform.io/hashicorp/aws","change":{"actions":["create"],"before":null,"after":{"name":"codepipeline-policy","role":"codepipeline-role"},"after_unknown":{"id":true,"name_prefix":true,"policy":true},"before_sensitive":false,"after_sensitive":{}}},{"address":"aws_iam_role_policy_attachment.ecs_task_execution_role_policy","mode":"managed","type":"aws_iam_role_policy_attachment","name":"ecs_task_execution_role_policy","provider_name":"registry.terraform.io/hashicorp/aws","change":{"actions":["create"],"before":null,"after":{"policy_arn":"arn:aws:iam::aws:policy/service-role/AmazonECSTaskExecutionRolePolicy","role":"ecs-task-execution-role"},"after_unknown":{"id":true},"before_sensitive":false,"after_sensitive":{}}},{"address":"aws_internet_gateway.gw","mode":"managed","type":"aws_internet_gateway","name":"gw","provider_name":"registry.terraform.io/hashicorp/aws","change":{"actions":["create"],"before":null,"after":{"tags":{"Name":"LHC-main-internet-gateway"},"tags_all":{"Name":"LHC-main-internet-gateway"},"timeouts":null},"after_unknown":{"arn":true,"id":true,"owner_id":true,"tags":{},"tags_all":{},"vpc_id":true},"before_sensitive":false,"after_sensitive":{"tags":{},"tags_all":{}}}},{"address":"aws_route_table.public","mode":"managed","type":"aws_route_table","name":"public","provider_name":"registry.terraform.io/hashicorp/aws","change":{"actions":["create"],"before":null,"after":{"route":[{"carrier_gateway_id":"","cidr_block":"0.0.0.0/0","core_network_arn":"","destination_prefix_list_id":"","egress_only_gateway_id":"","ipv6_cidr_block":"","local_gateway_id":"","nat_gateway_id":"","network_interface_id":"","transit_gateway_id":"","vpc_endpoint_id":"","vpc_peering_connection_id":""}],"tags":{"Name":"public-route-table"},"tags_all":{"Name":"public-route-table"},"timeouts":null},"after_unknown":{"arn":true,"id":true,"owner_id":true,"propagating_vgws":true,"route":[{"gateway_id":true}],"tags":{},"tags_all":{},"vpc_id":true},"before_sensitive":false,"after_sensitive":{"propagating_vgws":[],"route":[{}],"tags":{},"tags_all":{}}}},{"address":"aws_route_table_association.public_a","mode":"managed","type":"aws_route_table_association","name":"public_a","provider_name":"registry.terraform.io/hashicorp/aws","change":{"actions":["create"],"before":null,"after":{"gateway_id":null,"timeouts":null},"after_unknown":{"id":true,"route_table_id":true,"subnet_id":true},"before_sensitive":false,"after_sensitive":{}}},{"address":"aws_route_table_association.public_b","mode":"managed","type":"aws_route_table_association","name":"public_b","provider_name":"registry.terraform.io/hashicorp/aws","change":{"actions":["create"],"before":null,"after":{"gateway_id":null,"timeouts":null},"after_unknown":{"id":true,"route_table_id":true,"subnet_id":true},"before_sensitive":false,"after_sensitive":{}}},{"address":"aws_s3_bucket.codepipeline_bucket","mode":"managed","type":"aws_s3_bucket","name":"codepipeline_bucket","provider_name":"registry.terraform.io/hashicorp/aws","change":{"actions":["create"],"before":null,"after":{"bucket":"demo-python-app-cicd-bucket","force_destroy":true,"tags":null,"timeouts":null},"after_unknown":{"acceleration_status":true,"acl":true,"arn":true,"bucket_domain_name":true,"bucket_prefix":true,"bucket_regional_domain_name":true,"cors_rule":true,"grant":true,"hosted_zone_id":true,"id":true,"lifecycle_rule":true,"logging":true,"object_lock_configuration":true,"object_lock_enabled":true,"policy":true,"region":true,"replication_configuration":true,"request_payer":true,"server_side_encryption_configuration":true,"tags_all":true,"versioning":true,"website":true,"website_domain":true,"website_endpoint":true},"before_sensitive":false,"after_sensitive":{"cors_rule":[],"grant":[],"lifecycle_rule":[],"logging":[],"object_lock_configuration":[],"replication_configuration":[],"server_side_encryption_configuration":[],"tags_all":{},"versioning":[],"website":[]}}},{"address":"aws_s3_bucket_acl.codepipeline_bucket_acl","mode":"managed","type":"aws_s3_bucket_acl","name":"codepipeline_bucket_acl","provider_name":"registry.terraform.io/hashicorp/aws","change":{"actions":["create"],"before":null,"after":{"acl":"private","expected_bucket_owner":null},"after_unknown":{"access_control_policy":true,"bucket":true,"id":true},"before_sensitive":false,"after_sensitive":{"access_control_policy":[]}}},{"address":"aws_s3_bucket_ownership_controls.codepipeline_bucket_ownership","mode":"managed","type":"aws_s3_bucket_ownership_controls","name":"codepipeline_bucket_ownership","provider_name":"registry.terraform.io/hashicorp/aws","change":{"actions":["create"],"before":null,"after":{"rule":[{"object_ownership":"BucketOwnerPreferred"}]},"after_unknown":{"bucket":true,"id":true,"rule":[{}]},"before_sensitive":false,"after_sensitive":{"rule":[{}]}}},{"address":"aws_security_group.ecs_sg","mode":"managed","type":"aws_security_group","name":"ecs_sg","provider_name":"registry.terraform.io/hashicorp/aws","change":{"actions":["create"],"before":null,"after":{"description":"Allow inbound traffic for ECS","egress":[{"cidr_blocks":["0.0.0.0/0"],"description":"","from_port":0,"ipv6_cidr_blocks":[],"prefix_list_ids":[],"protocol":"-1","security_groups":[],"self":false,"to_port":0}],"ingress":[{"cidr_blocks":["0.0.0.0/0"],"description":"","from_port":8080,"ipv6_cidr_blocks":[],"prefix_list_ids":[],"protocol":"tcp","security_groups":[],"self":false,"to_port":8080},{"cidr_blocks":["0.0.0.0/0"],"description":"","from_port":80,"ipv6_cidr_blocks":[],"prefix_list_ids":[],"protocol":"tcp","security_groups":[],"self":false,"to_port":80}],"name":"LHC-ecs-security-group","revoke_rules_on_delete":false,"tags":{"Name":"ecs-security-group"},"tags_all":{"Name":"ecs-security-group"},"timeouts":null},"after_unknown":{"arn":true,"egress":[{"cidr_blocks":[false],"ipv6_cidr_blocks":[],"prefix_list_ids":[],"security_groups":[]}],"id":true,"ingress":[{"cidr_blocks":[false],"ipv6_cidr_blocks":[],"prefix_list_ids":[],"security_groups":[]},{"cidr_blocks":[false],"ipv6_cidr_blocks":[],"prefix_list_ids":[],"security_groups":[]}],"name_prefix":true,"owner_id":true,"tags":{},"tags_all":{},"vpc_id":true},"before_sensitive":false,"after_sensitive":{"egress":[{"cidr_blocks":[false],"ipv6_cidr_blocks":[],"prefix_list_ids":[],"security_groups":[]}],"ingress":[{"cidr_blocks":[false],"ipv6_cidr_blocks":[],"prefix_list_ids":[],"security_groups":[]},{"cidr_blocks":[false],"ipv6_cidr_blocks":[],"prefix_list_ids":[],"security_groups":[]}],"tags":{},"tags_all":{}}}},{"address":"aws_subnet.public_a","mode":"managed","type":"aws_subnet","name":"public_a","provider_name":"registry.terraform.io/hashicorp/aws","change":{"actions":["create"],"before":null,"after":{"assign_ipv6_address_on_creation":false,"availability_zone":"us-east-1a","cidr_block":"10.0.1.0/24","customer_owned_ipv4_pool":null,"enable_dns64":false,"enable_lni_at_device_index":null,"enable_resource_name_dns_a_record_on_launch":false,"enable_resource_name_dns_aaaa_record_on_launch":false,"ipv6_cidr_block":null,"ipv6_native":false,"map_customer_owned_ip_on_launch":null,"map_public_ip_on_launch":true,"outpost_arn":null,"tags":{"Name":"public-subnet-a"},"tags_all":{"Name":"public-subnet-a"},"timeouts":null},"after_unknown":{"arn":true,"availability_zone_id":true,"id":true,"ipv6_cidr_block_association_id":true,"owner_id":true,"private_dns_hostname_type_on_launch":true,"tags":{},"tags_all":{},"vpc_id":true},"before_sensitive":false,"after_sensitive":{"tags":{},"tags_all":{}}}},{"address":"aws_subnet.public_b","mode":"managed","type":"aws_subnet","name":"public_b","provider_name":"registry.terraform.io/hashicorp/aws","change":{"actions":["create"],"before":null,"after":{"assign_ipv6_address_on_creation":false,"availability_zone":"us-east-1b","cidr_block":"10.0.2.0/24","customer_owned_ipv4_pool":null,"enable_dns64":false,"enable_lni_at_device_index":null,"enable_resource_name_dns_a_record_on_launch":false,"enable_resource_name_dns_aaaa_record_on_launch":false,"ipv6_cidr_block":null,"ipv6_native":false,"map_customer_owned_ip_on_launch":null,"map_public_ip_on_launch":true,"outpost_arn":null,"tags":{"Name":"public-subnet-b"},"tags_all":{"Name":"public-subnet-b"},"timeouts":null},"after_unknown":{"arn":true,"availability_zone_id":true,"id":true,"ipv6_cidr_block_association_id":true,"owner_id":true,"private_dns_hostname_type_on_launch":true,"tags":{},"tags_all":{},"vpc_id":true},"before_sensitive":false,"after_sensitive":{"tags":{},"tags_all":{}}}},{"address":"aws_vpc.main","mode":"managed","type":"aws_vpc","name":"main","provider_name":"registry.terraform.io/hashicorp/aws","change":{"actions":["create"],"before":null,"after":{"assign_generated_ipv6_cidr_block":null,"cidr_block":"10.0.0.0/16","enable_dns_hostnames":true,"enable_dns_support":true,"instance_tenancy":"default","ipv4_ipam_pool_id":null,"ipv4_netmask_length":null,"ipv6_ipam_pool_id":null,"ipv6_netmask_length":null,"tags":{"Name":"LHC-ecs-fargate-vpc"},"tags_all":{"Name":"LHC-ecs-fargate-vpc"}},"after_unknown":{"arn":true,"default_network_acl_id":true,"default_route_table_id":true,"default_security_group_id":true,"dhcp_options_id":true,"enable_network_address_usage_metrics":true,"id":true,"ipv6_association_id":true,"ipv6_cidr_block":true,"ipv6_cidr_block_network_border_group":true,"main_route_table_id":true,"owner_id":true,"tags":{},"tags_all":{}},"before_sensitive":false,"after_sensitive":{"tags":{},"tags_all":{}}}}],"output_changes":{"codepipeline_connection_status":{"actions":["create"],"before":null,"after_unknown":true,"before_sensitive":false,"after_sensitive":false},"ecr_repository_url":{"actions":["create"],"before":null,"after_unknown":true,"before_sensitive":false,"after_sensitive":false}},"configuration":{"provider_config":{"aws":{"name":"aws","full_name":"registry.terraform.io/hashicorp/aws","expressions":{"region":{"constant_value":"us-east-1"}}}},"root_module":{"outputs":{"codepipeline_connection_status":{"expression":{"references":["aws_codestarconnections_connection.github.arn","aws_codestarconnections_connection.github"]}},"ecr_repository_url":{"expression":{"references":["aws_ecr_repository.app_repo.repository_url","aws_ecr_repository.app_repo"]}}},"resources":[{"address":"aws_codebuild_project.app_build","mode":"managed","type":"aws_codebuild_project","name":"app_build","provider_config_key":"aws","expressions":{"artifacts":[{"type":{"constant_value":"CODEPIPELINE"}}],"description":{"constant_value":"Build the Python application Docker image"},"environment":[{"compute_type":{"constant_value":"BUILD_GENERAL1_SMALL"},"environment_variable":[{"name":{"constant_value":"ECR_REPOSITORY_URI"},"value":{"references":["aws_ecr_repository.app_repo.repository_url","aws_ecr_repository.app_repo"]}}],"image":{"constant_value":"aws/codebuild/amazonlinux2-x86_64-standard:3.0"},"privileged_mode":{"constant_value":true},"type":{"constant_value":"LINUX_CONTAINER"}}],"name":{"constant_value":"LHC-python-app-build"},"service_role":{"references":["aws_iam_role.codebuild_role.arn","aws_iam_role.codebuild_role"]},"source":[{"buildspec":{"constant_value":"buildspec.yml"},"type":{"constant_value":"CODEPIPELINE"}}]},"schema_version":0},{"address":"aws_codepipeline.pipeline","mode":"managed","type":"aws_codepipeline","name":"pipeline","provider_config_key":"aws","expressions":{"artifact_store":[{"location":{"references":["aws_s3_bucket.codepipeline_bucket.bucket","aws_s3_bucket.codepipeline_bucket"]},"type":{"constant_value":"S3"}}],"name":{"constant_value":"LHC-python-app-pipeline"},"role_arn":{"references":["aws_iam_role.codepipeline_role.arn","aws_iam_role.codepipeline_role"]},"stage":[{"action":[{"category":{"constant_value":"Source"},"configuration":{"references":["aws_codestarconnections_connection.github.arn","aws_codestarconnections_connection.github"]},"name":{"constant_value":"Source"},"output_artifacts":{"constant_value":["source_output"]},"owner":{"constant_value":"AWS"},"provider":{"constant_value":"CodeStarSourceConnection"},"version":{"constant_value":"1"}}],"name":{"constant_value":"Source"}},{"action":[{"category":{"constant_value":"Build"},"configuration":{"references":["aws_codebuild_project.app_build.name","aws_codebuild_project.app_build"]},"input_artifacts":{"constant_value":["source_output"]},"name":{"constant_value":"BuildAndPush"},"output_artifacts":{"constant_value":["build_output"]},"owner":{"constant_value":"AWS"},"provider":{"constant_value":"CodeBuild"},"version":{"constant_value":"1"}}],"name":{"constant_value":"Build"}},{"action":[{"category":{"constant_value":"Deploy"},"configuration":{"references":["aws_ecs_cluster.main.name","aws_ecs_cluster.main","aws_ecs_service.app_service.name","aws_ecs_service.app_service"]},"input_artifacts":{"constant_value":["build_output"]},"name":{"constant_value":"Deploy"},"owner":{"constant_value":"AWS"},"provider":{"constant_value":"ECS"},"version":{"constant_value":"1"}}],"name":{"constant_value":"Deploy"}}]},"schema_version":0},{"address":"aws_codestarconnections_connection.github","mode":"managed","type":"aws_codestarconnections_connection","name":"github","provider_config_key":"aws","expressions":{"name":{"constant_value":"LHC-github-connection"},"provider_type":{"constant_value":"GitHub"}},"schema_version":0},{"address":"aws_ecr_lifecycle_policy.app_repo_policy","mode":"managed","type":"aws_ecr_lifecycle_policy","name":"app_repo_policy","provider_config_key":"aws","expressions":{"policy":{},"repository":{"references":["aws_ecr_repository.app_repo.name","aws_ecr_repository.app_repo"]}},"schema_version":0},{"address":"aws_ecr_repository.app_repo","mode":"managed","type":"aws_ecr_repository","name":"app_repo","provider_config_key":"aws","expressions":{"image_scanning_configuration":[{"scan_on_push":{"constant_value":true}}],"image_tag_mutability":{"constant_value":"MUTABLE"},"name":{"constant_value":"python-demo-app"}},"schema_version":0},{"address":"aws_ecs_cluster.main","mode":"managed","type":"aws_ecs_cluster","name":"main","provider_config_key":"aws","expressions":{"name":{"constant_value":"LHC-app-cluster"}},"schema_version":0},{"address":"aws_ecs_service.app_service","mode":"managed","type":"aws_ecs_service","name":"app_service","provider_config_key":"aws","expressions":{"cluster":{"references":["aws_ecs_cluster.main.id","aws_ecs_cluster.main"]},"desired_count":{"constant_value":1},"launch_type":{"constant_value":"FARGATE"},"name":{"constant_value":"python-app-service"},"network_configuration":[{"assign_public_ip":{"constant_value":true},"security_groups":{"references":["aws_security_group.ecs_sg.id","aws_security_group.ecs_sg"]},"subnets":{"references":["aws_subnet.public_a.id","aws_subnet.public_a","aws_subnet.public_b.id","aws_subnet.public_b"]}}],"task_definition":{"references":["aws_ecs_task_definition.app.arn","aws_ecs_task_definition.app"]}},"schema_version":1},{"address":"aws_ecs_task_definition.app","mode":"managed","type":"aws_ecs_task_definition","name":"app","provider_config_key":"aws","expressions":{"container_definitions":{"references":["aws_ecr_repository.app_repo.repository_url","aws_ecr_repository.app_repo"]},"cpu":{"constant_value":"256"},"execution_role_arn":{"references":["aws_iam_role.ecs_task_execution_role.arn","aws_iam_role.ecs_task_execution_role"]},"family":{"constant_value":"python-app"},"memory":{"constant_value":"512"},"network_mode":{"constant_value":"awsvpc"},"requires_compatibilities":{"constant_value":["FARGATE"]}},"schema_version":1},{"address":"aws_iam_role.codebuild_role","mode":"managed","type":"aws_iam_role","name":"codebuild_role","provider_config_key":"aws","expressions":{"assume_role_policy":{},"name":{"constant_value":"codebuild-role"}},"schema_version":0},{"address":"aws_iam_role.codepipeline_role","mode":"managed","type":"aws_iam_role","name":"codepipeline_role","provider_config_key":"aws","expressions":{"assume_role_policy":{},"name":{"constant_value":"codepipeline-role"}},"schema_version":0},{"address":"aws_iam_role.ecs_task_execution_role","mode":"managed","type":"aws_iam_role","name":"ecs_task_execution_role","provider_config_key":"aws","expressions":{"assume_role_policy":{},"name":{"constant_value":"ecs-task-execution-role"}},"schema_version":0},{"address":"aws_iam_role_policy.codebuild_policy","mode":"managed","type":"aws_iam_role_policy","name":"codebuild_policy","provider_config_key":"aws","expressions":{"policy":{"references":["aws_s3_bucket.codepipeline_bucket.arn","aws_s3_bucket.codepipeline_bucket"]},"role":{"references":["aws_iam_role.codebuild_role.name","aws_iam_role.codebuild_role"]}},"schema_version":0},{"address":"aws_iam_role_policy.codepipeline_policy","mode":"managed","type":"aws_iam_role_policy","name":"codepipeline_policy","provider_config_key":"aws","expressions":{"name":{"constant_value":"codepipeline-policy"},"policy":{"references":["aws_s3_bucket.codepipeline_bucket.arn","aws_s3_bucket.codepipeline_bucket","aws_s3_bucket.codepipeline_bucket.arn","aws_s3_bucket.codepipeline_bucket"]},"role":{"references":["aws_iam_role.codepipeline_role.name","aws_iam_role.codepipeline_role"]}},"schema_version":0},{"address":"aws_iam_role_policy_attachment.ecs_task_execution_role_policy","mode":"managed","type":"aws_iam_role_policy_attachment","name":"ecs_task_execution_role_policy","provider_config_key":"aws","expressions":{"policy_arn":{"constant_value":"arn:aws:iam::aws:policy/service-role/AmazonECSTaskExecutionRolePolicy"},"role":{"references":["aws_iam_role.ecs_task_execution_role.name","aws_iam_role.ecs_task_execution_role"]}},"schema_version":0},{"address":"aws_internet_gateway.gw","mode":"managed","type":"aws_internet_gateway","name":"gw","provider_config_key":"aws","expressions":{"tags":{"constant_value":{"Name":"LHC-main-internet-gateway"}},"vpc_id":{"references":["aws_vpc.main.id","aws_vpc.main"]}},"schema_version":0},{"address":"aws_route_table.public","mode":"managed","type":"aws_route_table","name":"public","provider_config_key":"aws","expressions":{"route":{"references":["aws_internet_gateway.gw.id","aws_internet_gateway.gw"]},"tags":{"constant_value":{"Name":"public-route-table"}},"vpc_id":{"references":["aws_vpc.main.id","aws_vpc.main"]}},"schema_version":0},{"address":"aws_route_table_association.public_a","mode":"managed","type":"aws_route_table_association","name":"public_a","provider_config_key":"aws","expressions":{"route_table_id":{"references":["aws_route_table.public.id","aws_route_table.public"]},"subnet_id":{"references":["aws_subnet.public_a.id","aws_subnet.public_a"]}},"schema_version":0},{"address":"aws_route_table_association.public_b","mode":"managed","type":"aws_route_table_association","name":"public_b","provider_config_key":"aws","expressions":{"route_table_id":{"references":["aws_route_table.public.id","aws_route_table.public"]},"subnet_id":{"references":["aws_subnet.public_b.id","aws_subnet.public_b"]}},"schema_version":0},{"address":"aws_s3_bucket.codepipeline_bucket","mode":"managed","type":"aws_s3_bucket","name":"codepipeline_bucket","provider_config_key":"aws","expressions":{"bucket":{"constant_value":"demo-python-app-cicd-bucket"},"force_destroy":{"constant_value":true}},"schema_version":0},{"address":"aws_s3_bucket_acl.codepipeline_bucket_acl","mode":"managed","type":"aws_s3_bucket_acl","name":"codepipeline_bucket_acl","provider_config_key":"aws","expressions":{"acl":{"constant_value":"private"},"bucket":{"references":["aws_s3_bucket.codepipeline_bucket.id","aws_s3_bucket.codepipeline_bucket"]}},"schema_version":0,"depends_on":["aws_s3_bucket_ownership_controls.codepipeline_bucket_ownership"]},{"address":"aws_s3_bucket_ownership_controls.codepipeline_bucket_ownership","mode":"managed","type":"aws_s3_bucket_ownership_controls","name":"codepipeline_bucket_ownership","provider_config_key":"aws","expressions":{"bucket":{"references":["aws_s3_bucket.codepipeline_bucket.id","aws_s3_bucket.codepipeline_bucket"]},"rule":[{"object_ownership":{"constant_value":"BucketOwnerPreferred"}}]},"schema_version":0},{"address":"aws_security_group.ecs_sg","mode":"managed","type":"aws_security_group","name":"ecs_sg","provider_config_key":"aws","expressions":{"description":{"constant_value":"Allow inbound traffic for ECS"},"egress":{"constant_value":[{"cidr_blocks":["0.0.0.0/0"],"description":null,"from_port":0,"ipv6_cidr_blocks":null,"prefix_list_ids":null,"protocol":"-1","security_groups":null,"self":null,"to_port":0}]},"ingress":{"constant_value":[{"cidr_blocks":["0.0.0.0/0"],"description":null,"from_port":80,"ipv6_cidr_blocks":null,"prefix_list_ids":null,"protocol":"tcp","security_groups":null,"self":null,"to_port":80},{"cidr_blocks":["0.0.0.0/0"],"description":null,"from_port":8080,"ipv6_cidr_blocks":null,"prefix_list_ids":null,"protocol":"tcp","security_groups":null,"self":null,"to_port":8080}]},"name":{"constant_value":"LHC-ecs-security-group"},"tags":{"constant_value":{"Name":"ecs-security-group"}},"vpc_id":{"references":["aws_vpc.main.id","aws_vpc.main"]}},"schema_version":1},{"address":"aws_subnet.public_a","mode":"managed","type":"aws_subnet","name":"public_a","provider_config_key":"aws","expressions":{"availability_zone":{"constant_value":"us-east-1a"},"cidr_block":{"constant_value":"10.0.1.0/24"},"map_public_ip_on_launch":{"constant_value":true},"tags":{"constant_value":{"Name":"public-subnet-a"}},"vpc_id":{"references":["aws_vpc.main.id","aws_vpc.main"]}},"schema_version":1},{"address":"aws_subnet.public_b","mode":"managed","type":"aws_subnet","name":"public_b","provider_config_key":"aws","expressions":{"availability_zone":{"constant_value":"us-east-1b"},"cidr_block":{"constant_value":"10.0.2.0/24"},"map_public_ip_on_launch":{"constant_value":true},"tags":{"constant_value":{"Name":"public-subnet-b"}},"vpc_id":{"references":["aws_vpc.main.id","aws_vpc.main"]}},"schema_version":1},{"address":"aws_vpc.main","mode":"managed","type":"aws_vpc","name":"main","provider_config_key":"aws","expressions":{"cidr_block":{"constant_value":"10.0.0.0/16"},"enable_dns_hostnames":{"constant_value":true},"enable_dns_support":{"constant_value":true},"tags":{"constant_value":{"Name":"LHC-ecs-fargate-vpc"}}},"schema_version":1}]}},"relevant_attributes":[{"resource":"aws_iam_role.ecs_task_execution_role","attribute":["name"]},{"resource":"aws_iam_role.ecs_task_execution_role","attribute":["arn"]},{"resource":"aws_ecr_repository.app_repo","attribute":["repository_url"]},{"resource":"aws_route_table.public","attribute":["id"]},{"resource":"aws_ecs_task_definition.app","attribute":["arn"]},{"resource":"aws_s3_bucket.codepipeline_bucket","attribute":["bucket"]},{"resource":"aws_codestarconnections_connection.github","attribute":["arn"]},{"resource":"aws_ecr_repository.app_repo","attribute":["name"]},{"resource":"aws_s3_bucket.codepipeline_bucket","attribute":["id"]},{"resource":"aws_s3_bucket.codepipeline_bucket","attribute":["arn"]},{"resource":"aws_internet_gateway.gw","attribute":["id"]},{"resource":"aws_subnet.public_a","attribute":["id"]},{"resource":"aws_subnet.public_b","attribute":["id"]},{"resource":"aws_ecs_cluster.main","attribute":["id"]},{"resource":"aws_security_group.ecs_sg","attribute":["id"]},{"resource":"aws_iam_role.codepipeline_role","attribute":["arn"]},{"resource":"aws_codebuild_project.app_build","attribute":["name"]},{"resource":"aws_ecs_cluster.main","attribute":["name"]},{"resource":"aws_ecs_service.app_service","attribute":["name"]},{"resource":"aws_vpc.main","attribute":["id"]},{"resource":"aws_iam_role.codebuild_role","attribute":["name"]},{"resource":"aws_iam_role.codepipeline_role","attribute":["name"]},{"resource":"aws_iam_role.codebuild_role","attribute":["arn"]}],"timestamp":"2025-05-20T16:38:32Z","applyable":true,"complete":true,"errored":false}
